
Microsoft Visual Studio Solution File, Format Version 12.00
# Visual Studio 15
VisualStudioVersion = 15.0.26124.0
MinimumVisualStudioVersion = 15.0.26124.0
Project("{FAE04EC0-301F-11D3-BF4B-00C04F79EFBC}") = "FizzBuzz.Library", "FizzBuzz.Library\FizzBuzz.Library.csproj", "{9BF01318-5094-4316-8BEE-8C3FAB6033F4}"
EndProject
Project("{FAE04EC0-301F-11D3-BF4B-00C04F79EFBC}") = "FizzBuzz.Tests", "FizzBuzz.Tests\FizzBuzz.Tests.csproj", "{670E7326-4F18-425A-A288-54EDA58DB03F}"
EndProject
Global
	GlobalSection(SolutionConfigurationPlatforms) = preSolution
		Debug|Any CPU = Debug|Any CPU
		Debug|x64 = Debug|x64
		Debug|x86 = Debug|x86
		Release|Any CPU = Release|Any CPU
		Release|x64 = Release|x64
		Release|x86 = Release|x86
	EndGlobalSection
	GlobalSection(SolutionProperties) = preSolution
		HideSolutionNode = FALSE
	EndGlobalSection
	GlobalSection(ProjectConfigurationPlatforms) = postSolution
		{9BF01318-5094-4316-8BEE-8C3FAB6033F4}.Debug|Any CPU.ActiveCfg = Debug|Any CPU
		{9BF01318-5094-4316-8BEE-8C3FAB6033F4}.Debug|Any CPU.Build.0 = Debug|Any CPU
		{9BF01318-5094-4316-8BEE-8C3FAB6033F4}.Debug|x64.ActiveCfg = Debug|x64
		{9BF01318-5094-4316-8BEE-8C3FAB6033F4}.Debug|x64.Build.0 = Debug|x64
		{9BF01318-5094-4316-8BEE-8C3FAB6033F4}.Debug|x86.ActiveCfg = Debug|x86
		{9BF01318-5094-4316-8BEE-8C3FAB6033F4}.Debug|x86.Build.0 = Debug|x86
		{9BF01318-5094-4316-8BEE-8C3FAB6033F4}.Release|Any CPU.ActiveCfg = Release|Any CPU
		{9BF01318-5094-4316-8BEE-8C3FAB6033F4}.Release|Any CPU.Build.0 = Release|Any CPU
		{9BF01318-5094-4316-8BEE-8C3FAB6033F4}.Release|x64.ActiveCfg = Release|x64
		{9BF01318-5094-4316-8BEE-8C3FAB6033F4}.Release|x64.Build.0 = Release|x64
		{9BF01318-5094-4316-8BEE-8C3FAB6033F4}.Release|x86.ActiveCfg = Release|x86
		{9BF01318-5094-4316-8BEE-8C3FAB6033F4}.Release|x86.Build.0 = Release|x86
		{670E7326-4F18-425A-A288-54EDA58DB03F}.Debug|Any CPU.ActiveCfg = Debug|Any CPU
		{670E7326-4F18-425A-A288-54EDA58DB03F}.Debug|Any CPU.Build.0 = Debug|Any CPU
		{670E7326-4F18-425A-A288-54EDA58DB03F}.Debug|x64.ActiveCfg = Debug|x64
		{670E7326-4F18-425A-A288-54EDA58DB03F}.Debug|x64.Build.0 = Debug|x64
		{670E7326-4F18-425A-A288-54EDA58DB03F}.Debug|x86.ActiveCfg = Debug|x86
		{670E7326-4F18-425A-A288-54EDA58DB03F}.Debug|x86.Build.0 = Debug|x86
		{670E7326-4F18-425A-A288-54EDA58DB03F}.Release|Any CPU.ActiveCfg = Release|Any CPU
		{670E7326-4F18-425A-A288-54EDA58DB03F}.Release|Any CPU.Build.0 = Release|Any CPU
		{670E7326-4F18-425A-A288-54EDA58DB03F}.Release|x64.ActiveCfg = Release|x64
		{670E7326-4F18-425A-A288-54EDA58DB03F}.Release|x64.Build.0 = Release|x64
		{670E7326-4F18-425A-A288-54EDA58DB03F}.Release|x86.ActiveCfg = Release|x86
		{670E7326-4F18-425A-A288-54EDA58DB03F}.Release|x86.Build.0 = Release|x86
	EndGlobalSection
EndGlobal
